
Microsoft Visual Studio Solution File, Format Version 12.00
# Visual Studio 14
VisualStudioVersion = 14.0.23107.0
MinimumVisualStudioVersion = 10.0.40219.1
Project("{8BC9CEB8-8B4A-11D0-8D11-00A0C91BC942}") = "GobangLxr", "GobangLxr.vcxproj", "{C07E30B1-D215-47FE-AAD5-9E94C88411EF}"
EndProject
Global
	GlobalSection(SolutionConfigurationPlatforms) = preSolution
		Debug|x86 = Debug|x86
		Release|x86 = Release|x86
	EndGlobalSection
	GlobalSection(ProjectConfigurationPlatforms) = postSolution
		{C07E30B1-D215-47FE-AAD5-9E94C88411EF}.Debug|x86.ActiveCfg = Debug|Win32
		{C07E30B1-D215-47FE-AAD5-9E94C88411EF}.Debug|x86.Build.0 = Debug|Win32
		{C07E30B1-D215-47FE-AAD5-9E94C88411EF}.Release|x86.ActiveCfg = Release|Win32
		{C07E30B1-D215-47FE-AAD5-9E94C88411EF}.Release|x86.Build.0 = Release|Win32
	EndGlobalSection
	GlobalSection(SolutionProperties) = preSolution
		HideSolutionNode = FALSE
	EndGlobalSection
EndGlobal
