<?xml version="1.0" encoding="utf-8"?>
<Project ToolsVersion="4.0" xmlns="http://schemas.microsoft.com/developer/msbuild/2003">
  <ItemGroup>
    <Filter Include="Source Files">
      <UniqueIdentifier>{1158d670-17ff-4241-a32b-b4eaba24d2ce}</UniqueIdentifier>
      <Extensions>cpp;c;cxx;rc;def;r;odl;idl;hpj;bat</Extensions>
    </Filter>
    <Filter Include="Header Files">
      <UniqueIdentifier>{7eb5e3f7-6268-46d9-b476-a12bc19a026f}</UniqueIdentifier>
      <Extensions>h;hpp;hxx;hm;inl</Extensions>
    </Filter>
    <Filter Include="Resource Files">
      <UniqueIdentifier>{32cc1f44-9e24-49b7-90a4-1c4147e39408}</UniqueIdentifier>
      <Extensions>ico;cur;bmp;dlg;rc2;rct;bin;rgs;gif;jpg;jpeg;jpe</Extensions>
    </Filter>
  </ItemGroup>
  <ItemGroup>
    <ClCompile Include="GobangLxr.cpp">
      <Filter>Source Files</Filter>
    </ClCompile>
    <ClCompile Include="GobangLxrDoc.cpp">
      <Filter>Source Files</Filter>
    </ClCompile>
    <ClCompile Include="GobangLxrView.cpp">
      <Filter>Source Files</Filter>
    </ClCompile>
    <ClCompile Include="IfAgainDlg.cpp">
      <Filter>Source Files</Filter>
    </ClCompile>
    <ClCompile Include="MainFrm.cpp">
      <Filter>Source Files</Filter>
    </ClCompile>
    <ClCompile Include="StdAfx.cpp">
      <Filter>Source Files</Filter>
    </ClCompile>
  </ItemGroup>
  <ItemGroup>
    <ResourceCompile Include="GobangLxr.rc">
      <Filter>Source Files</Filter>
    </ResourceCompile>
  </ItemGroup>
  <ItemGroup>
    <ClInclude Include="GobangLxr.h">
      <Filter>Header Files</Filter>
    </ClInclude>
    <ClInclude Include="GobangLxrDoc.h">
      <Filter>Header Files</Filter>
    </ClInclude>
    <ClInclude Include="GobangLxrView.h">
      <Filter>Header Files</Filter>
    </ClInclude>
    <ClInclude Include="IfAgainDlg.h">
      <Filter>Header Files</Filter>
    </ClInclude>
    <ClInclude Include="initWindowConfig.h">
      <Filter>Header Files</Filter>
    </ClInclude>
    <ClInclude Include="MainFrm.h">
      <Filter>Header Files</Filter>
    </ClInclude>
    <ClInclude Include="Resource.h">
      <Filter>Header Files</Filter>
    </ClInclude>
    <ClInclude Include="StdAfx.h">
      <Filter>Header Files</Filter>
    </ClInclude>
  </ItemGroup>
  <ItemGroup>
    <Image Include="res\GobangLxr.ico">
      <Filter>Resource Files</Filter>
    </Image>
    <Image Include="res\GobangLxrDoc.ico">
      <Filter>Resource Files</Filter>
    </Image>
    <Image Include="res\Toolbar.bmp">
      <Filter>Resource Files</Filter>
    </Image>
    <Image Include="res\白棋子.bmp">
      <Filter>Resource Files</Filter>
    </Image>
    <Image Include="res\黑棋子.bmp">
      <Filter>Resource Files</Filter>
    </Image>
    <Image Include="res\五子棋棋盘.bmp">
      <Filter>Resource Files</Filter>
    </Image>
  </ItemGroup>
  <ItemGroup>
    <Text Include="ReadMe.txt" />
  </ItemGroup>
  <ItemGroup>
    <CustomBuild Include="res\GobangLxr.rc2">
      <Filter>Resource Files</Filter>
    </CustomBuild>
  </ItemGroup>
</Project>